
Microsoft Visual Studio Solution File, Format Version 12.00
# Visual Studio Version 17
VisualStudioVersion = 17.14.36221.1
MinimumVisualStudioVersion = 10.0.40219.1
Project("{2150E333-8FDC-42A3-9474-1A3956D46DE8}") = "Services", "Services", "{02EA681E-C7D8-13C7-8484-4AC65E1B71E8}"
EndProject
Project("{2150E333-8FDC-42A3-9474-1A3956D46DE8}") = "Catalog", "Catalog", "{82940250-FE48-4C49-BBFE-280B9EDD2442}"
EndProject
Project("{FAE04EC0-301F-11D3-BF4B-00C04F79EFBC}") = "Catalog.API", "Services\Catalog\Catalog.API\Catalog.API.csproj", "{762AF311-ED7D-4225-807F-8249923174B5}"
EndProject
Project("{2150E333-8FDC-42A3-9474-1A3956D46DE8}") = "BuildingBlocks", "BuildingBlocks", "{1F0CA240-A09D-47D6-A527-07C85BAE31BE}"
EndProject
Project("{FAE04EC0-301F-11D3-BF4B-00C04F79EFBC}") = "BuildingBlocks", "BuildingBlocks\BuildingBlocks\BuildingBlocks.csproj", "{0F4F14B0-CBA0-46B4-B375-144981FF741D}"
EndProject
Project("{E53339B2-1760-4266-BCC7-CA923CBCF16C}") = "docker-compose", "docker-compose.dcproj", "{81DDED9D-158B-E303-5F62-77A2896D2A5A}"
EndProject
Project("{2150E333-8FDC-42A3-9474-1A3956D46DE8}") = "Basket", "Basket", "{104E8CD4-962C-49F5-95AA-5F88B0FA440F}"
EndProject
Project("{FAE04EC0-301F-11D3-BF4B-00C04F79EFBC}") = "Basket.API", "Services\Basket\Basket.API\Basket.API.csproj", "{B6E3B5C6-469A-43D1-A893-FF9E587D782A}"
EndProject
Project("{2150E333-8FDC-42A3-9474-1A3956D46DE8}") = "Discount", "Discount", "{58D6D9CB-538C-45EF-A00E-C239EEAFAC98}"
EndProject
Project("{FAE04EC0-301F-11D3-BF4B-00C04F79EFBC}") = "Discount.Grpc", "Services\Discount\Discount.Grpc\Discount.Grpc.csproj", "{21167764-F8C4-44AF-ACA5-8919501D63F6}"
EndProject
Project("{2150E333-8FDC-42A3-9474-1A3956D46DE8}") = "Ordering", "Ordering", "{844268F3-E65A-49B9-9DA7-AE4C69C8A609}"
EndProject
Project("{FAE04EC0-301F-11D3-BF4B-00C04F79EFBC}") = "Ordering.API", "Services\Ordering\Ordering.API\Ordering.API.csproj", "{CFCD22AA-6B34-4F85-A0F5-6E7E5CBB327D}"
EndProject
Project("{FAE04EC0-301F-11D3-BF4B-00C04F79EFBC}") = "Ordering.Domain", "Services\Ordering\Ordering.Domain\Ordering.Domain.csproj", "{94B049AA-3EFC-49C5-82C4-E5C17A781759}"
EndProject
Project("{FAE04EC0-301F-11D3-BF4B-00C04F79EFBC}") = "Ordering.Application", "Services\Ordering\Ordering.Application\Ordering.Application.csproj", "{7A62ECD5-1C75-4AE1-B37E-5152043FE318}"
EndProject
Project("{FAE04EC0-301F-11D3-BF4B-00C04F79EFBC}") = "Ordering.Infrastructure", "Services\Ordering\Ordering.Infrastructure\Ordering.Infrastructure.csproj", "{F2D3BA24-5680-469A-B4B4-28D376984906}"
EndProject
Project("{FAE04EC0-301F-11D3-BF4B-00C04F79EFBC}") = "BuildingBlocks.Messaging", "BuildingBlocks\BuildingBlocks.Messaging\BuildingBlocks.Messaging.csproj", "{9F0D3C64-809A-4FD5-BEC9-0D430F34F75D}"
EndProject
Global
	GlobalSection(SolutionConfigurationPlatforms) = preSolution
		Debug|Any CPU = Debug|Any CPU
		Release|Any CPU = Release|Any CPU
	EndGlobalSection
	GlobalSection(ProjectConfigurationPlatforms) = postSolution
		{762AF311-ED7D-4225-807F-8249923174B5}.Debug|Any CPU.ActiveCfg = Debug|Any CPU
		{762AF311-ED7D-4225-807F-8249923174B5}.Debug|Any CPU.Build.0 = Debug|Any CPU
		{762AF311-ED7D-4225-807F-8249923174B5}.Release|Any CPU.ActiveCfg = Release|Any CPU
		{762AF311-ED7D-4225-807F-8249923174B5}.Release|Any CPU.Build.0 = Release|Any CPU
		{0F4F14B0-CBA0-46B4-B375-144981FF741D}.Debug|Any CPU.ActiveCfg = Debug|Any CPU
		{0F4F14B0-CBA0-46B4-B375-144981FF741D}.Debug|Any CPU.Build.0 = Debug|Any CPU
		{0F4F14B0-CBA0-46B4-B375-144981FF741D}.Release|Any CPU.ActiveCfg = Release|Any CPU
		{0F4F14B0-CBA0-46B4-B375-144981FF741D}.Release|Any CPU.Build.0 = Release|Any CPU
		{81DDED9D-158B-E303-5F62-77A2896D2A5A}.Debug|Any CPU.ActiveCfg = Debug|Any CPU
		{81DDED9D-158B-E303-5F62-77A2896D2A5A}.Debug|Any CPU.Build.0 = Debug|Any CPU
		{81DDED9D-158B-E303-5F62-77A2896D2A5A}.Release|Any CPU.ActiveCfg = Release|Any CPU
		{81DDED9D-158B-E303-5F62-77A2896D2A5A}.Release|Any CPU.Build.0 = Release|Any CPU
		{B6E3B5C6-469A-43D1-A893-FF9E587D782A}.Debug|Any CPU.ActiveCfg = Debug|Any CPU
		{B6E3B5C6-469A-43D1-A893-FF9E587D782A}.Debug|Any CPU.Build.0 = Debug|Any CPU
		{B6E3B5C6-469A-43D1-A893-FF9E587D782A}.Release|Any CPU.ActiveCfg = Release|Any CPU
		{B6E3B5C6-469A-43D1-A893-FF9E587D782A}.Release|Any CPU.Build.0 = Release|Any CPU
		{21167764-F8C4-44AF-ACA5-8919501D63F6}.Debug|Any CPU.ActiveCfg = Debug|Any CPU
		{21167764-F8C4-44AF-ACA5-8919501D63F6}.Debug|Any CPU.Build.0 = Debug|Any CPU
		{21167764-F8C4-44AF-ACA5-8919501D63F6}.Release|Any CPU.ActiveCfg = Release|Any CPU
		{21167764-F8C4-44AF-ACA5-8919501D63F6}.Release|Any CPU.Build.0 = Release|Any CPU
		{CFCD22AA-6B34-4F85-A0F5-6E7E5CBB327D}.Debug|Any CPU.ActiveCfg = Debug|Any CPU
		{CFCD22AA-6B34-4F85-A0F5-6E7E5CBB327D}.Debug|Any CPU.Build.0 = Debug|Any CPU
		{CFCD22AA-6B34-4F85-A0F5-6E7E5CBB327D}.Release|Any CPU.ActiveCfg = Release|Any CPU
		{CFCD22AA-6B34-4F85-A0F5-6E7E5CBB327D}.Release|Any CPU.Build.0 = Release|Any CPU
		{94B049AA-3EFC-49C5-82C4-E5C17A781759}.Debug|Any CPU.ActiveCfg = Debug|Any CPU
		{94B049AA-3EFC-49C5-82C4-E5C17A781759}.Debug|Any CPU.Build.0 = Debug|Any CPU
		{94B049AA-3EFC-49C5-82C4-E5C17A781759}.Release|Any CPU.ActiveCfg = Release|Any CPU
		{94B049AA-3EFC-49C5-82C4-E5C17A781759}.Release|Any CPU.Build.0 = Release|Any CPU
		{7A62ECD5-1C75-4AE1-B37E-5152043FE318}.Debug|Any CPU.ActiveCfg = Debug|Any CPU
		{7A62ECD5-1C75-4AE1-B37E-5152043FE318}.Debug|Any CPU.Build.0 = Debug|Any CPU
		{7A62ECD5-1C75-4AE1-B37E-5152043FE318}.Release|Any CPU.ActiveCfg = Release|Any CPU
		{7A62ECD5-1C75-4AE1-B37E-5152043FE318}.Release|Any CPU.Build.0 = Release|Any CPU
		{F2D3BA24-5680-469A-B4B4-28D376984906}.Debug|Any CPU.ActiveCfg = Debug|Any CPU
		{F2D3BA24-5680-469A-B4B4-28D376984906}.Debug|Any CPU.Build.0 = Debug|Any CPU
		{F2D3BA24-5680-469A-B4B4-28D376984906}.Release|Any CPU.ActiveCfg = Release|Any CPU
		{F2D3BA24-5680-469A-B4B4-28D376984906}.Release|Any CPU.Build.0 = Release|Any CPU
		{9F0D3C64-809A-4FD5-BEC9-0D430F34F75D}.Debug|Any CPU.ActiveCfg = Debug|Any CPU
		{9F0D3C64-809A-4FD5-BEC9-0D430F34F75D}.Debug|Any CPU.Build.0 = Debug|Any CPU
		{9F0D3C64-809A-4FD5-BEC9-0D430F34F75D}.Release|Any CPU.ActiveCfg = Release|Any CPU
		{9F0D3C64-809A-4FD5-BEC9-0D430F34F75D}.Release|Any CPU.Build.0 = Release|Any CPU
	EndGlobalSection
	GlobalSection(SolutionProperties) = preSolution
		HideSolutionNode = FALSE
	EndGlobalSection
	GlobalSection(NestedProjects) = preSolution
		{82940250-FE48-4C49-BBFE-280B9EDD2442} = {02EA681E-C7D8-13C7-8484-4AC65E1B71E8}
		{762AF311-ED7D-4225-807F-8249923174B5} = {82940250-FE48-4C49-BBFE-280B9EDD2442}
		{0F4F14B0-CBA0-46B4-B375-144981FF741D} = {1F0CA240-A09D-47D6-A527-07C85BAE31BE}
		{104E8CD4-962C-49F5-95AA-5F88B0FA440F} = {02EA681E-C7D8-13C7-8484-4AC65E1B71E8}
		{B6E3B5C6-469A-43D1-A893-FF9E587D782A} = {104E8CD4-962C-49F5-95AA-5F88B0FA440F}
		{58D6D9CB-538C-45EF-A00E-C239EEAFAC98} = {02EA681E-C7D8-13C7-8484-4AC65E1B71E8}
		{21167764-F8C4-44AF-ACA5-8919501D63F6} = {58D6D9CB-538C-45EF-A00E-C239EEAFAC98}
		{844268F3-E65A-49B9-9DA7-AE4C69C8A609} = {02EA681E-C7D8-13C7-8484-4AC65E1B71E8}
		{CFCD22AA-6B34-4F85-A0F5-6E7E5CBB327D} = {844268F3-E65A-49B9-9DA7-AE4C69C8A609}
		{94B049AA-3EFC-49C5-82C4-E5C17A781759} = {844268F3-E65A-49B9-9DA7-AE4C69C8A609}
		{7A62ECD5-1C75-4AE1-B37E-5152043FE318} = {844268F3-E65A-49B9-9DA7-AE4C69C8A609}
		{F2D3BA24-5680-469A-B4B4-28D376984906} = {844268F3-E65A-49B9-9DA7-AE4C69C8A609}
		{9F0D3C64-809A-4FD5-BEC9-0D430F34F75D} = {1F0CA240-A09D-47D6-A527-07C85BAE31BE}
	EndGlobalSection
	GlobalSection(ExtensibilityGlobals) = postSolution
		SolutionGuid = {E3F66026-7270-435A-A0D5-BD13BF46E761}
	EndGlobalSection
EndGlobal
